
Microsoft Visual Studio Solution File, Format Version 12.00
# Visual Studio Version 17
VisualStudioVersion = 17.8.34309.116
MinimumVisualStudioVersion = 10.0.40219.1
Project("{FAE04EC0-301F-11D3-BF4B-00C04F79EFBC}") = "ConAppAssign7", "ConAppAssign7\ConAppAssign7.csproj", "{4B9B4807-C0D0-4252-928E-6CDC24C517EA}"
EndProject
Global
	GlobalSection(SolutionConfigurationPlatforms) = preSolution
		Debug|Any CPU = Debug|Any CPU
		Release|Any CPU = Release|Any CPU
	EndGlobalSection
	GlobalSection(ProjectConfigurationPlatforms) = postSolution
		{4B9B4807-C0D0-4252-928E-6CDC24C517EA}.Debug|Any CPU.ActiveCfg = Debug|Any CPU
		{4B9B4807-C0D0-4252-928E-6CDC24C517EA}.Debug|Any CPU.Build.0 = Debug|Any CPU
		{4B9B4807-C0D0-4252-928E-6CDC24C517EA}.Release|Any CPU.ActiveCfg = Release|Any CPU
		{4B9B4807-C0D0-4252-928E-6CDC24C517EA}.Release|Any CPU.Build.0 = Release|Any CPU
	EndGlobalSection
	GlobalSection(SolutionProperties) = preSolution
		HideSolutionNode = FALSE
	EndGlobalSection
	GlobalSection(ExtensibilityGlobals) = postSolution
		SolutionGuid = {752D2A09-0776-4D1A-AC43-219E0D3C380A}
	EndGlobalSection
EndGlobal
